
Microsoft Visual Studio Solution File, Format Version 12.00
# Visual Studio Version 17
VisualStudioVersion = 17.11.35327.3
MinimumVisualStudioVersion = 10.0.40219.1
Project("{FAE04EC0-301F-11D3-BF4B-00C04F79EFBC}") = "indoorjson3-cs", "indoorjson3-cs.csproj", "{C529A7F8-305A-4C46-B880-98F0F4D2EE9C}"
EndProject
Global
	GlobalSection(SolutionConfigurationPlatforms) = preSolution
		Debug|Any CPU = Debug|Any CPU
		Release|Any CPU = Release|Any CPU
	EndGlobalSection
	GlobalSection(ProjectConfigurationPlatforms) = postSolution
		{C529A7F8-305A-4C46-B880-98F0F4D2EE9C}.Debug|Any CPU.ActiveCfg = Debug|Any CPU
		{C529A7F8-305A-4C46-B880-98F0F4D2EE9C}.Debug|Any CPU.Build.0 = Debug|Any CPU
		{C529A7F8-305A-4C46-B880-98F0F4D2EE9C}.Release|Any CPU.ActiveCfg = Release|Any CPU
		{C529A7F8-305A-4C46-B880-98F0F4D2EE9C}.Release|Any CPU.Build.0 = Release|Any CPU
	EndGlobalSection
	GlobalSection(SolutionProperties) = preSolution
		HideSolutionNode = FALSE
	EndGlobalSection
	GlobalSection(ExtensibilityGlobals) = postSolution
		SolutionGuid = {B0595BD2-A73C-4FCD-9511-87332FE073B2}
	EndGlobalSection
EndGlobal
